
Microsoft Visual Studio Solution File, Format Version 12.00
# Visual Studio Version 17
VisualStudioVersion = 17.9.34616.47
MinimumVisualStudioVersion = 10.0.40219.1
Project("{FAE04EC0-301F-11D3-BF4B-00C04F79EFBC}") = "DS_CSharp", "DS_CSharp\DS_CSharp.csproj", "{DD725687-8762-4C6E-9C50-EC1A33258170}"
EndProject
Global
	GlobalSection(SolutionConfigurationPlatforms) = preSolution
		Debug|Any CPU = Debug|Any CPU
		Release|Any CPU = Release|Any CPU
	EndGlobalSection
	GlobalSection(ProjectConfigurationPlatforms) = postSolution
		{DD725687-8762-4C6E-9C50-EC1A33258170}.Debug|Any CPU.ActiveCfg = Debug|Any CPU
		{DD725687-8762-4C6E-9C50-EC1A33258170}.Debug|Any CPU.Build.0 = Debug|Any CPU
		{DD725687-8762-4C6E-9C50-EC1A33258170}.Release|Any CPU.ActiveCfg = Release|Any CPU
		{DD725687-8762-4C6E-9C50-EC1A33258170}.Release|Any CPU.Build.0 = Release|Any CPU
	EndGlobalSection
	GlobalSection(SolutionProperties) = preSolution
		HideSolutionNode = FALSE
	EndGlobalSection
	GlobalSection(ExtensibilityGlobals) = postSolution
		SolutionGuid = {6CAF6E2B-946B-4BCC-A9D9-F8F1DCA0F85F}
	EndGlobalSection
EndGlobal
